// !$*UTF8*$!
{
	archiveVersion = 1;
	classes = {
	};
	objectVersion = 77;
	objects = {

/* Begin PBXBuildFile section */
		0F75A2BF55BFFCCA1FE5C7FE /* Logger.swift in Sources */ = {isa = PBXBuildFile; fileRef = DD7F5541DA02EA3E48BFA419 /* Logger.swift */; };
		6115DBB8015648C2F398A15C /* QuotaService.swift in Sources */ = {isa = PBXBuildFile; fileRef = 06892B122A38A83819719CF7 /* QuotaService.swift */; };
		7E35893CAEE83823F508BC96 /* AppDelegate.swift in Sources */ = {isa = PBXBuildFile; fileRef = 20C4A3E0EBE1340824D5C3E1 /* AppDelegate.swift */; };
		928E2256D2A266DB9369D162 /* main.swift in Sources */ = {isa = PBXBuildFile; fileRef = 7EA4B0E647CAE6666B1FB913 /* main.swift */; };
		99852A5A9015672A6784058F /* StatusBarController.swift in Sources */ = {isa = PBXBuildFile; fileRef = F81AF06D5D147124F6B12D77 /* StatusBarController.swift */; };
/* End PBXBuildFile section */

/* Begin PBXFileReference section */
		06892B122A38A83819719CF7 /* QuotaService.swift */ = {isa = PBXFileReference; lastKnownFileType = sourcecode.swift; path = QuotaService.swift; sourceTree = "<group>"; };
		20C4A3E0EBE1340824D5C3E1 /* AppDelegate.swift */ = {isa = PBXFileReference; lastKnownFileType = sourcecode.swift; path = AppDelegate.swift; sourceTree = "<group>"; };
		61A25C9E640DFAE2AA67BF20 /* MiniMaxQuota.app */ = {isa = PBXFileReference; explicitFileType = wrapper.application; includeInIndex = 0; path = MiniMaxQuota.app; sourceTree = BUILT_PRODUCTS_DIR; };
		7EA4B0E647CAE6666B1FB913 /* main.swift */ = {isa = PBXFileReference; lastKnownFileType = sourcecode.swift; path = main.swift; sourceTree = "<group>"; };
		DD7F5541DA02EA3E48BFA419 /* Logger.swift */ = {isa = PBXFileReference; lastKnownFileType = sourcecode.swift; path = Logger.swift; sourceTree = "<group>"; };
		F81AF06D5D147124F6B12D77 /* StatusBarController.swift */ = {isa = PBXFileReference; lastKnownFileType = sourcecode.swift; path = StatusBarController.swift; sourceTree = "<group>"; };
/* End PBXFileReference section */

/* Begin PBXGroup section */
		798A9F3126E3192F7A8E37CA /* Products */ = {
			isa = PBXGroup;
			children = (
				61A25C9E640DFAE2AA67BF20 /* MiniMaxQuota.app */,
			);
			name = Products;
			sourceTree = "<group>";
		};
		83E1FA90A9F2924C0A82BF06 /* Sources */ = {
			isa = PBXGroup;
			children = (
				20C4A3E0EBE1340824D5C3E1 /* AppDelegate.swift */,
				DD7F5541DA02EA3E48BFA419 /* Logger.swift */,
				7EA4B0E647CAE6666B1FB913 /* main.swift */,
				06892B122A38A83819719CF7 /* QuotaService.swift */,
				F81AF06D5D147124F6B12D77 /* StatusBarController.swift */,
			);
			path = Sources;
			sourceTree = "<group>";
		};
		ED601FD3AC25CAC10DA60E1A = {
			isa = PBXGroup;
			children = (
				83E1FA90A9F2924C0A82BF06 /* Sources */,
				798A9F3126E3192F7A8E37CA /* Products */,
			);
			sourceTree = "<group>";
		};
/* End PBXGroup section */

/* Begin PBXNativeTarget section */
		B2F57E6D7C393C6923F66CCA /* MiniMaxQuota */ = {
			isa = PBXNativeTarget;
			buildConfigurationList = 21017AE34099D021948100F4 /* Build configuration list for PBXNativeTarget "MiniMaxQuota" */;
			buildPhases = (
				A685B5297108A747194CE784 /* Sources */,
			);
			buildRules = (
			);
			dependencies = (
			);
			name = MiniMaxQuota;
			packageProductDependencies = (
			);
			productName = MiniMaxQuota;
			productReference = 61A25C9E640DFAE2AA67BF20 /* MiniMaxQuota.app */;
			productType = "com.apple.product-type.application";
		};
/* End PBXNativeTarget section */

/* Begin PBXProject section */
		6B2E4EC8EBC89D8E4D997CB9 /* Project object */ = {
			isa = PBXProject;
			attributes = {
				BuildIndependentTargetsInParallel = YES;
				LastUpgradeCheck = 1500;
			};
			buildConfigurationList = F8E7383FAA259FA6640E51B2 /* Build configuration list for PBXProject "MiniMaxQuota" */;
			compatibilityVersion = "Xcode 14.0";
			developmentRegion = en;
			hasScannedForEncodings = 0;
			knownRegions = (
				Base,
				en,
			);
			mainGroup = ED601FD3AC25CAC10DA60E1A;
			minimizedProjectReferenceProxies = 1;
			preferredProjectObjectVersion = 77;
			projectDirPath = "";
			projectRoot = "";
			targets = (
				B2F57E6D7C393C6923F66CCA /* MiniMaxQuota */,
			);
		};
/* End PBXProject section */

/* Begin PBXSourcesBuildPhase section */
		A685B5297108A747194CE784 /* Sources */ = {
			isa = PBXSourcesBuildPhase;
			buildActionMask = 2147483647;
			files = (
				7E35893CAEE83823F508BC96 /* AppDelegate.swift in Sources */,
				0F75A2BF55BFFCCA1FE5C7FE /* Logger.swift in Sources */,
				6115DBB8015648C2F398A15C /* QuotaService.swift in Sources */,
				99852A5A9015672A6784058F /* StatusBarController.swift in Sources */,
				928E2256D2A266DB9369D162 /* main.swift in Sources */,
			);
			runOnlyForDeploymentPostprocessing = 0;
		};
/* End PBXSourcesBuildPhase section */

/* Begin XCBuildConfiguration section */
		20330F344161C1730CFE5E22 /* Release */ = {
			isa = XCBuildConfiguration;
			buildSettings = {
				ALWAYS_SEARCH_USER_PATHS = NO;
				CLANG_ANALYZER_NONNULL = YES;
				CLANG_ANALYZER_NUMBER_OBJECT_CONVERSION = YES_AGGRESSIVE;
				CLANG_CXX_LANGUAGE_STANDARD = "gnu++14";
				CLANG_CXX_LIBRARY = "libc++";
				CLANG_ENABLE_MODULES = YES;
				CLANG_ENABLE_OBJC_ARC = YES;
				CLANG_ENABLE_OBJC_WEAK = YES;
				CLANG_WARN_BLOCK_CAPTURE_AUTORELEASING = YES;
				CLANG_WARN_BOOL_CONVERSION = YES;
				CLANG_WARN_COMMA = YES;
				CLANG_WARN_CONSTANT_CONVERSION = YES;
				CLANG_WARN_DEPRECATED_OBJC_IMPLEMENTATIONS = YES;
				CLANG_WARN_DIRECT_OBJC_ISA_USAGE = YES_ERROR;
				CLANG_WARN_DOCUMENTATION_COMMENTS = YES;
				CLANG_WARN_EMPTY_BODY = YES;
				CLANG_WARN_ENUM_CONVERSION = YES;
				CLANG_WARN_INFINITE_RECURSION = YES;
				CLANG_WARN_INT_CONVERSION = YES;
				CLANG_WARN_NON_LITERAL_NULL_CONVERSION = YES;
				CLANG_WARN_OBJC_IMPLICIT_RETAIN_SELF = YES;
				CLANG_WARN_OBJC_LITERAL_CONVERSION = YES;
				CLANG_WARN_OBJC_ROOT_CLASS = YES_ERROR;
				CLANG_WARN_QUOTED_INCLUDE_IN_FRAMEWORK_HEADER = YES;
				CLANG_WARN_RANGE_LOOP_ANALYSIS = YES;
				CLANG_WARN_STRICT_PROTOTYPES = YES;
				CLANG_WARN_SUSPICIOUS_MOVE = YES;
				CLANG_WARN_UNGUARDED_AVAILABILITY = YES_AGGRESSIVE;
				CLANG_WARN_UNREACHABLE_CODE = YES;
				CLANG_WARN__DUPLICATE_METHOD_MATCH = YES;
				CODE_SIGNING_REQUIRED = NO;
				CODE_SIGN_ENTITLEMENTS = "";
				CODE_SIGN_IDENTITY = "-";
				COPY_PHASE_STRIP = NO;
				DEBUG_INFORMATION_FORMAT = "dwarf-with-dsym";
				ENABLE_NS_ASSERTIONS = NO;
				ENABLE_STRICT_OBJC_MSGSEND = YES;
				GCC_C_LANGUAGE_STANDARD = gnu11;
				GCC_NO_COMMON_BLOCKS = YES;
				GCC_WARN_64_TO_32_BIT_CONVERSION = YES;
				GCC_WARN_ABOUT_RETURN_TYPE = YES_ERROR;
				GCC_WARN_UNDECLARED_SELECTOR = YES;
				GCC_WARN_UNINITIALIZED_AUTOS = YES_AGGRESSIVE;
				GCC_WARN_UNUSED_FUNCTION = YES;
				GCC_WARN_UNUSED_VARIABLE = YES;
				MACOSX_DEPLOYMENT_TARGET = 12.0;
				MTL_ENABLE_DEBUG_INFO = NO;
				MTL_FAST_MATH = YES;
				PRODUCT_NAME = "$(TARGET_NAME)";
				SDKROOT = macosx;
				SWIFT_COMPILATION_MODE = wholemodule;
				SWIFT_OPTIMIZATION_LEVEL = "-O";
				SWIFT_VERSION = 5.9;
			};
			name = Release;
		};
		C46D89BC7AD82A9B28DE2437 /* Debug */ = {
			isa = XCBuildConfiguration;
			buildSettings = {
				ASSETCATALOG_COMPILER_APPICON_NAME = AppIcon;
				COMBINE_HIDPI_IMAGES = YES;
				INFOPLIST_FILE = Resources/Info.plist;
				LD_RUNPATH_SEARCH_PATHS = (
					"$(inherited)",
					"@executable_path/../Frameworks",
				);
				PRODUCT_BUNDLE_IDENTIFIER = com.minimax.MiniMaxQuota;
				PRODUCT_NAME = MiniMaxQuota;
				SDKROOT = macosx;
			};
			name = Debug;
		};
		D7C96D4EEA456D790A096FC8 /* Release */ = {
			isa = XCBuildConfiguration;
			buildSettings = {
				ASSETCATALOG_COMPILER_APPICON_NAME = AppIcon;
				COMBINE_HIDPI_IMAGES = YES;
				INFOPLIST_FILE = Resources/Info.plist;
				LD_RUNPATH_SEARCH_PATHS = (
					"$(inherited)",
					"@executable_path/../Frameworks",
				);
				PRODUCT_BUNDLE_IDENTIFIER = com.minimax.MiniMaxQuota;
				PRODUCT_NAME = MiniMaxQuota;
				SDKROOT = macosx;
			};
			name = Release;
		};
		E6FDD3B7678DCBDA72FCF18D /* Debug */ = {
			isa = XCBuildConfiguration;
			buildSettings = {
				ALWAYS_SEARCH_USER_PATHS = NO;
				CLANG_ANALYZER_NONNULL = YES;
				CLANG_ANALYZER_NUMBER_OBJECT_CONVERSION = YES_AGGRESSIVE;
				CLANG_CXX_LANGUAGE_STANDARD = "gnu++14";
				CLANG_CXX_LIBRARY = "libc++";
				CLANG_ENABLE_MODULES = YES;
				CLANG_ENABLE_OBJC_ARC = YES;
				CLANG_ENABLE_OBJC_WEAK = YES;
				CLANG_WARN_BLOCK_CAPTURE_AUTORELEASING = YES;
				CLANG_WARN_BOOL_CONVERSION = YES;
				CLANG_WARN_COMMA = YES;
				CLANG_WARN_CONSTANT_CONVERSION = YES;
				CLANG_WARN_DEPRECATED_OBJC_IMPLEMENTATIONS = YES;
				CLANG_WARN_DIRECT_OBJC_ISA_USAGE = YES_ERROR;
				CLANG_WARN_DOCUMENTATION_COMMENTS = YES;
				CLANG_WARN_EMPTY_BODY = YES;
				CLANG_WARN_ENUM_CONVERSION = YES;
				CLANG_WARN_INFINITE_RECURSION = YES;
				CLANG_WARN_INT_CONVERSION = YES;
				CLANG_WARN_NON_LITERAL_NULL_CONVERSION = YES;
				CLANG_WARN_OBJC_IMPLICIT_RETAIN_SELF = YES;
				CLANG_WARN_OBJC_LITERAL_CONVERSION = YES;
				CLANG_WARN_OBJC_ROOT_CLASS = YES_ERROR;
				CLANG_WARN_QUOTED_INCLUDE_IN_FRAMEWORK_HEADER = YES;
				CLANG_WARN_RANGE_LOOP_ANALYSIS = YES;
				CLANG_WARN_STRICT_PROTOTYPES = YES;
				CLANG_WARN_SUSPICIOUS_MOVE = YES;
				CLANG_WARN_UNGUARDED_AVAILABILITY = YES_AGGRESSIVE;
				CLANG_WARN_UNREACHABLE_CODE = YES;
				CLANG_WARN__DUPLICATE_METHOD_MATCH = YES;
				CODE_SIGNING_REQUIRED = NO;
				CODE_SIGN_ENTITLEMENTS = "";
				CODE_SIGN_IDENTITY = "-";
				COPY_PHASE_STRIP = NO;
				DEBUG_INFORMATION_FORMAT = dwarf;
				ENABLE_STRICT_OBJC_MSGSEND = YES;
				ENABLE_TESTABILITY = YES;
				GCC_C_LANGUAGE_STANDARD = gnu11;
				GCC_DYNAMIC_NO_PIC = NO;
				GCC_NO_COMMON_BLOCKS = YES;
				GCC_OPTIMIZATION_LEVEL = 0;
				GCC_PREPROCESSOR_DEFINITIONS = (
					"$(inherited)",
					"DEBUG=1",
				);
				GCC_WARN_64_TO_32_BIT_CONVERSION = YES;
				GCC_WARN_ABOUT_RETURN_TYPE = YES_ERROR;
				GCC_WARN_UNDECLARED_SELECTOR = YES;
				GCC_WARN_UNINITIALIZED_AUTOS = YES_AGGRESSIVE;
				GCC_WARN_UNUSED_FUNCTION = YES;
				GCC_WARN_UNUSED_VARIABLE = YES;
				MACOSX_DEPLOYMENT_TARGET = 12.0;
				MTL_ENABLE_DEBUG_INFO = INCLUDE_SOURCE;
				MTL_FAST_MATH = YES;
				ONLY_ACTIVE_ARCH = YES;
				PRODUCT_NAME = "$(TARGET_NAME)";
				SDKROOT = macosx;
				SWIFT_ACTIVE_COMPILATION_CONDITIONS = DEBUG;
				SWIFT_OPTIMIZATION_LEVEL = "-Onone";
				SWIFT_VERSION = 5.9;
			};
			name = Debug;
		};
/* End XCBuildConfiguration section */

/* Begin XCConfigurationList section */
		21017AE34099D021948100F4 /* Build configuration list for PBXNativeTarget "MiniMaxQuota" */ = {
			isa = XCConfigurationList;
			buildConfigurations = (
				C46D89BC7AD82A9B28DE2437 /* Debug */,
				D7C96D4EEA456D790A096FC8 /* Release */,
			);
			defaultConfigurationIsVisible = 0;
			defaultConfigurationName = Debug;
		};
		F8E7383FAA259FA6640E51B2 /* Build configuration list for PBXProject "MiniMaxQuota" */ = {
			isa = XCConfigurationList;
			buildConfigurations = (
				E6FDD3B7678DCBDA72FCF18D /* Debug */,
				20330F344161C1730CFE5E22 /* Release */,
			);
			defaultConfigurationIsVisible = 0;
			defaultConfigurationName = Debug;
		};
/* End XCConfigurationList section */
	};
	rootObject = 6B2E4EC8EBC89D8E4D997CB9 /* Project object */;
}
